{
    "version": 3,
    "terraform_version": "0.8.7",
    "serial": 0,
    "lineage": "88fae0f8-6785-4694-bc11-fc8203365e99",
    "modules": [
        {
            "path": [
                "root"
            ],
            "outputs": {},
            "resources": {
                "aws_route53_record.google_verify": {
                    "type": "aws_route53_record",
                    "depends_on": [
                        "aws_route53_zone.main",
                        "data.aws_route53_zone.bokeloco"
                    ],
                    "primary": {
                        "id": "Z2RGISEPAT7WF7_bokeloco.com._TXT",
                        "attributes": {
                            "fqdn": "bokeloco.com",
                            "health_check_id": "",
                            "id": "Z2RGISEPAT7WF7_bokeloco.com._TXT",
                            "name": "bokeloco.com",
                            "records.#": "1",
                            "records.2334142689": "google-site-verification=GcetNX6sQ6tRvOd03GYKvliRo5p8K_NXi1xbwERsM3I",
                            "set_identifier": "",
                            "ttl": "5",
                            "type": "TXT",
                            "zone_id": "Z2RGISEPAT7WF7"
                        },
                        "meta": {
                            "schema_version": "2"
                        },
                        "tainted": false
                    },
                    "deposed": [],
                    "provider": ""
                },
                "aws_route53_zone.main": {
                    "type": "aws_route53_zone",
                    "depends_on": [
                        "data.aws_route53_zone.bokeloco"
                    ],
                    "primary": {
                        "id": "Z2RGISEPAT7WF7",
                        "attributes": {
                            "comment": "Managed by Terraform",
                            "force_destroy": "false",
                            "id": "Z2RGISEPAT7WF7",
                            "name": "bokeloco.com.",
                            "name_servers.#": "4",
                            "name_servers.0": "ns-1131.awsdns-13.org",
                            "name_servers.1": "ns-1967.awsdns-53.co.uk",
                            "name_servers.2": "ns-62.awsdns-07.com",
                            "name_servers.3": "ns-851.awsdns-42.net",
                            "tags.%": "1",
                            "tags.Project": "BokeLoco",
                            "zone_id": "Z2RGISEPAT7WF7"
                        },
                        "meta": {},
                        "tainted": false
                    },
                    "deposed": [],
                    "provider": ""
                },
                "data.aws_route53_zone.bokeloco": {
                    "type": "aws_route53_zone",
                    "depends_on": [],
                    "primary": {
                        "id": "Z2SHW624NRVFU1",
                        "attributes": {
                            "caller_reference": "2016-03-22T00:11:54.0552786-07:00",
                            "comment": "Managed by Terraform",
                            "id": "Z2SHW624NRVFU1",
                            "name": "bokeloco.com.",
                            "private_zone": "false",
                            "resource_record_set_count": "3",
                            "zone_id": "Z2SHW624NRVFU1"
                        },
                        "meta": {},
                        "tainted": false
                    },
                    "deposed": [],
                    "provider": ""
                }
            },
            "depends_on": []
        }
    ]
}
